
Microsoft Visual Studio Solution File, Format Version 12.00
# Visual Studio Version 16
VisualStudioVersion = 16.0.29609.76
MinimumVisualStudioVersion = 10.0.40219.1
Project("{E24C65DC-7377-472B-9ABA-BC803B73C61A}") = "RichesDotnet", "RichesDotnet\", "{C4C7AFF6-A37E-4E9D-876E-E00787118B1A}"
	ProjectSection(WebsiteProperties) = preProject
		TargetFrameworkMoniker = ".NETFramework,Version%3Dv4.0"
		Debug.AspNetCompiler.VirtualPath = "/RichesDotnet"
		Debug.AspNetCompiler.PhysicalPath = "RichesDotnet\"
		Debug.AspNetCompiler.TargetPath = "PrecompiledWeb\RichesDotnet\"
		Debug.AspNetCompiler.Updateable = "true"
		Debug.AspNetCompiler.ForceOverwrite = "true"
		Debug.AspNetCompiler.FixedNames = "false"
		Debug.AspNetCompiler.Debug = "True"
		Release.AspNetCompiler.VirtualPath = "/RichesDotnet"
		Release.AspNetCompiler.PhysicalPath = "RichesDotnet\"
		Release.AspNetCompiler.TargetPath = "PrecompiledWeb\RichesDotnet\"
		Release.AspNetCompiler.Updateable = "true"
		Release.AspNetCompiler.ForceOverwrite = "true"
		Release.AspNetCompiler.FixedNames = "false"
		Release.AspNetCompiler.Debug = "False"
		VWDPort = "64792"
		SlnRelativePath = "RichesDotnet\"
	EndProjectSection
EndProject
Global
	GlobalSection(SolutionConfigurationPlatforms) = preSolution
		Debug|Any CPU = Debug|Any CPU
	EndGlobalSection
	GlobalSection(ProjectConfigurationPlatforms) = postSolution
		{C4C7AFF6-A37E-4E9D-876E-E00787118B1A}.Debug|Any CPU.ActiveCfg = Debug|Any CPU
		{C4C7AFF6-A37E-4E9D-876E-E00787118B1A}.Debug|Any CPU.Build.0 = Debug|Any CPU
	EndGlobalSection
	GlobalSection(SolutionProperties) = preSolution
		HideSolutionNode = FALSE
	EndGlobalSection
	GlobalSection(ExtensibilityGlobals) = postSolution
		SolutionGuid = {89EB4BEF-526F-4897-A115-E9F1B0205066}
	EndGlobalSection
EndGlobal
